
Microsoft Visual Studio Solution File, Format Version 12.00
# Visual Studio 15
VisualStudioVersion = 15.0.28307.271
MinimumVisualStudioVersion = 10.0.40219.1
Project("{FAE04EC0-301F-11D3-BF4B-00C04F79EFBC}") = "joueurATP", "joueurATP\joueurATP.csproj", "{CC652D41-5F0E-4E1C-A807-EA24BEBF27BE}"
EndProject
Global
	GlobalSection(SolutionConfigurationPlatforms) = preSolution
		Debug|Any CPU = Debug|Any CPU
		Release|Any CPU = Release|Any CPU
	EndGlobalSection
	GlobalSection(ProjectConfigurationPlatforms) = postSolution
		{CC652D41-5F0E-4E1C-A807-EA24BEBF27BE}.Debug|Any CPU.ActiveCfg = Debug|Any CPU
		{CC652D41-5F0E-4E1C-A807-EA24BEBF27BE}.Debug|Any CPU.Build.0 = Debug|Any CPU
		{CC652D41-5F0E-4E1C-A807-EA24BEBF27BE}.Release|Any CPU.ActiveCfg = Release|Any CPU
		{CC652D41-5F0E-4E1C-A807-EA24BEBF27BE}.Release|Any CPU.Build.0 = Release|Any CPU
	EndGlobalSection
	GlobalSection(SolutionProperties) = preSolution
		HideSolutionNode = FALSE
	EndGlobalSection
	GlobalSection(ExtensibilityGlobals) = postSolution
		SolutionGuid = {556C7ADA-0E70-4964-8C53-22D78D960BD4}
	EndGlobalSection
EndGlobal
